{
    "api-platform/api-pack": {
        "version": "v1.2.0"
    },
    "api-platform/core": {
        "version": "2.1",
        "recipe": {
            "repo": "github.com/symfony/recipes",
            "branch": "master",
            "version": "2.1",
            "ref": "18727d8f229306860b46955f438e1897421da689"
        },
        "files": [
            "config/packages/api_platform.yaml",
            "config/routes/api_platform.yaml",
            "src/Entity/.gitignore"
        ]
    },
    "nelmio/cors-bundle": {
        "version": "1.5",
        "recipe": {
            "repo": "github.com/symfony/recipes",
            "branch": "master",
            "version": "1.5",
            "ref": "f0436fc35fca88eada758311f8de43bfb61f1980"
        },
        "files": [
            "config/packages/nelmio_cors.yaml"
        ]
    },
    "willdurand/negotiation": {
        "version": "v2.3.1"
    }
}
